
Microsoft Visual Studio Solution File, Format Version 12.00
# Visual Studio Version 16
VisualStudioVersion = 16.0.31205.134
MinimumVisualStudioVersion = 10.0.40219.1
Project("{FAE04EC0-301F-11D3-BF4B-00C04F79EFBC}") = "TaskmanWebApp", "TaskmanWebApp\TaskmanWebApp.csproj", "{D2801981-82A5-4266-9088-BE0112D8A953}"
EndProject
Global
	GlobalSection(SolutionConfigurationPlatforms) = preSolution
		Debug|Any CPU = Debug|Any CPU
		Release|Any CPU = Release|Any CPU
	EndGlobalSection
	GlobalSection(ProjectConfigurationPlatforms) = postSolution
		{D2801981-82A5-4266-9088-BE0112D8A953}.Debug|Any CPU.ActiveCfg = Debug|Any CPU
		{D2801981-82A5-4266-9088-BE0112D8A953}.Debug|Any CPU.Build.0 = Debug|Any CPU
		{D2801981-82A5-4266-9088-BE0112D8A953}.Release|Any CPU.ActiveCfg = Release|Any CPU
		{D2801981-82A5-4266-9088-BE0112D8A953}.Release|Any CPU.Build.0 = Release|Any CPU
	EndGlobalSection
	GlobalSection(SolutionProperties) = preSolution
		HideSolutionNode = FALSE
	EndGlobalSection
	GlobalSection(ExtensibilityGlobals) = postSolution
		SolutionGuid = {EC86A13C-03AE-4E4D-AF5C-07DE20DFCBAA}
	EndGlobalSection
EndGlobal
